
Microsoft Visual Studio Solution File, Format Version 12.00
# Visual Studio 15
VisualStudioVersion = 15.0.28307.852
MinimumVisualStudioVersion = 10.0.40219.1
Project("{FAE04EC0-301F-11D3-BF4B-00C04F79EFBC}") = "TOS", "TOS\TOS.csproj", "{F45EEADF-0042-490D-ABD4-D9432BD9F3FC}"
EndProject
Project("{FAE04EC0-301F-11D3-BF4B-00C04F79EFBC}") = "TOS_Model", "TOS_Model\TOS_Model.csproj", "{47957D3C-E254-435F-9004-8E2FD2249E2F}"
EndProject
Project("{FAE04EC0-301F-11D3-BF4B-00C04F79EFBC}") = "TOS_DL", "TOS_DL\TOS_DL.csproj", "{6AD8A80E-1DB7-457F-8FBD-37E8AD8655EA}"
EndProject
Project("{FAE04EC0-301F-11D3-BF4B-00C04F79EFBC}") = "Company_BL", "Company_BL\Company_BL.csproj", "{6BF2AE23-3800-41FE-81DE-3ACE2AEB06FA}"
EndProject
Project("{FAE04EC0-301F-11D3-BF4B-00C04F79EFBC}") = "Information_BL", "Information_BL\Information_BL.csproj", "{39B9FE4A-8B33-43A2-A72F-3F2687E96036}"
EndProject
Global
	GlobalSection(SolutionConfigurationPlatforms) = preSolution
		Debug|Any CPU = Debug|Any CPU
		Release|Any CPU = Release|Any CPU
	EndGlobalSection
	GlobalSection(ProjectConfigurationPlatforms) = postSolution
		{F45EEADF-0042-490D-ABD4-D9432BD9F3FC}.Debug|Any CPU.ActiveCfg = Debug|Any CPU
		{F45EEADF-0042-490D-ABD4-D9432BD9F3FC}.Debug|Any CPU.Build.0 = Debug|Any CPU
		{F45EEADF-0042-490D-ABD4-D9432BD9F3FC}.Release|Any CPU.ActiveCfg = Release|Any CPU
		{F45EEADF-0042-490D-ABD4-D9432BD9F3FC}.Release|Any CPU.Build.0 = Release|Any CPU
		{47957D3C-E254-435F-9004-8E2FD2249E2F}.Debug|Any CPU.ActiveCfg = Debug|Any CPU
		{47957D3C-E254-435F-9004-8E2FD2249E2F}.Debug|Any CPU.Build.0 = Debug|Any CPU
		{47957D3C-E254-435F-9004-8E2FD2249E2F}.Release|Any CPU.ActiveCfg = Release|Any CPU
		{47957D3C-E254-435F-9004-8E2FD2249E2F}.Release|Any CPU.Build.0 = Release|Any CPU
		{6AD8A80E-1DB7-457F-8FBD-37E8AD8655EA}.Debug|Any CPU.ActiveCfg = Debug|Any CPU
		{6AD8A80E-1DB7-457F-8FBD-37E8AD8655EA}.Debug|Any CPU.Build.0 = Debug|Any CPU
		{6AD8A80E-1DB7-457F-8FBD-37E8AD8655EA}.Release|Any CPU.ActiveCfg = Release|Any CPU
		{6AD8A80E-1DB7-457F-8FBD-37E8AD8655EA}.Release|Any CPU.Build.0 = Release|Any CPU
		{6BF2AE23-3800-41FE-81DE-3ACE2AEB06FA}.Debug|Any CPU.ActiveCfg = Debug|Any CPU
		{6BF2AE23-3800-41FE-81DE-3ACE2AEB06FA}.Debug|Any CPU.Build.0 = Debug|Any CPU
		{6BF2AE23-3800-41FE-81DE-3ACE2AEB06FA}.Release|Any CPU.ActiveCfg = Release|Any CPU
		{6BF2AE23-3800-41FE-81DE-3ACE2AEB06FA}.Release|Any CPU.Build.0 = Release|Any CPU
		{39B9FE4A-8B33-43A2-A72F-3F2687E96036}.Debug|Any CPU.ActiveCfg = Debug|Any CPU
		{39B9FE4A-8B33-43A2-A72F-3F2687E96036}.Debug|Any CPU.Build.0 = Debug|Any CPU
		{39B9FE4A-8B33-43A2-A72F-3F2687E96036}.Release|Any CPU.ActiveCfg = Release|Any CPU
		{39B9FE4A-8B33-43A2-A72F-3F2687E96036}.Release|Any CPU.Build.0 = Release|Any CPU
	EndGlobalSection
	GlobalSection(SolutionProperties) = preSolution
		HideSolutionNode = FALSE
	EndGlobalSection
	GlobalSection(ExtensibilityGlobals) = postSolution
		SolutionGuid = {D0F9F521-72C7-4F44-8D26-2A2D1F243A22}
	EndGlobalSection
EndGlobal
